
Microsoft Visual Studio Solution File, Format Version 12.00
# Visual Studio Version 16
VisualStudioVersion = 16.0.30907.101
MinimumVisualStudioVersion = 10.0.40219.1
Project("{FAE04EC0-301F-11D3-BF4B-00C04F79EFBC}") = "LAB4_4", "LAB4_4\LAB4_4.csproj", "{5D9C8134-22F2-447B-9646-8A3855A37FF2}"
EndProject
Global
	GlobalSection(SolutionConfigurationPlatforms) = preSolution
		Debug|Any CPU = Debug|Any CPU
		Release|Any CPU = Release|Any CPU
	EndGlobalSection
	GlobalSection(ProjectConfigurationPlatforms) = postSolution
		{5D9C8134-22F2-447B-9646-8A3855A37FF2}.Debug|Any CPU.ActiveCfg = Debug|Any CPU
		{5D9C8134-22F2-447B-9646-8A3855A37FF2}.Debug|Any CPU.Build.0 = Debug|Any CPU
		{5D9C8134-22F2-447B-9646-8A3855A37FF2}.Release|Any CPU.ActiveCfg = Release|Any CPU
		{5D9C8134-22F2-447B-9646-8A3855A37FF2}.Release|Any CPU.Build.0 = Release|Any CPU
	EndGlobalSection
	GlobalSection(SolutionProperties) = preSolution
		HideSolutionNode = FALSE
	EndGlobalSection
	GlobalSection(ExtensibilityGlobals) = postSolution
		SolutionGuid = {2CE70EBA-18B8-424F-8A46-7309CA6E6B2D}
	EndGlobalSection
EndGlobal
